// !$*UTF8*$!
{
	archiveVersion = 1;
	classes = {
	};
	objectVersion = 54;
	objects = {

/* Begin PBXBuildFile section */
		5C08B5062712216900F3FE80 /* QuizEndController.swift in Sources */ = {isa = PBXBuildFile; fileRef = 5C08B5052712216900F3FE80 /* QuizEndController.swift */; };
		5C08B5082712293500F3FE80 /* QuizWinController.swift in Sources */ = {isa = PBXBuildFile; fileRef = 5C08B5072712293500F3FE80 /* QuizWinController.swift */; };
		5C17D42A2710C1E200035051 /* AppDelegate.swift in Sources */ = {isa = PBXBuildFile; fileRef = 5C17D4292710C1E200035051 /* AppDelegate.swift */; };
		5C17D42C2710C1E200035051 /* SceneDelegate.swift in Sources */ = {isa = PBXBuildFile; fileRef = 5C17D42B2710C1E200035051 /* SceneDelegate.swift */; };
		5C17D42E2710C1E200035051 /* OnboardingController.swift in Sources */ = {isa = PBXBuildFile; fileRef = 5C17D42D2710C1E200035051 /* OnboardingController.swift */; };
		5C17D4332710C1EC00035051 /* Assets.xcassets in Resources */ = {isa = PBXBuildFile; fileRef = 5C17D4322710C1EC00035051 /* Assets.xcassets */; };
		5C17D4362710C1EC00035051 /* LaunchScreen.storyboard in Resources */ = {isa = PBXBuildFile; fileRef = 5C17D4342710C1EC00035051 /* LaunchScreen.storyboard */; };
		5C17D4412710C1EC00035051 /* Big_Brain_TeamTests.swift in Sources */ = {isa = PBXBuildFile; fileRef = 5C17D4402710C1EC00035051 /* Big_Brain_TeamTests.swift */; };
		5C17D44B2710C1ED00035051 /* Big_Brain_TeamUITests.swift in Sources */ = {isa = PBXBuildFile; fileRef = 5C17D44A2710C1ED00035051 /* Big_Brain_TeamUITests.swift */; };
		5C17D44D2710C1ED00035051 /* Big_Brain_TeamUITestsLaunchTests.swift in Sources */ = {isa = PBXBuildFile; fileRef = 5C17D44C2710C1ED00035051 /* Big_Brain_TeamUITestsLaunchTests.swift */; };
		5C17D45B2710C3B300035051 /* UIView+Extension.swift in Sources */ = {isa = PBXBuildFile; fileRef = 5C17D45A2710C3B300035051 /* UIView+Extension.swift */; };
		5C17D45D2710C41C00035051 /* UIViewController+Extension.swift in Sources */ = {isa = PBXBuildFile; fileRef = 5C17D45C2710C41C00035051 /* UIViewController+Extension.swift */; };
		5C17D4602710C52500035051 /* Vibration.swift in Sources */ = {isa = PBXBuildFile; fileRef = 5C17D45F2710C52500035051 /* Vibration.swift */; };
		5C17D4622710D6E700035051 /* Colors.swift in Sources */ = {isa = PBXBuildFile; fileRef = 5C17D4612710D6E700035051 /* Colors.swift */; };
		5C17D4642710D74900035051 /* MainConstants.swift in Sources */ = {isa = PBXBuildFile; fileRef = 5C17D4632710D74900035051 /* MainConstants.swift */; };
		5C17D46C2710DA8C00035051 /* Onboarding_1_Cell.swift in Sources */ = {isa = PBXBuildFile; fileRef = 5C17D46B2710DA8C00035051 /* Onboarding_1_Cell.swift */; };
		5C17D46E2710DACD00035051 /* UILabel+Extension.swift in Sources */ = {isa = PBXBuildFile; fileRef = 5C17D46D2710DACD00035051 /* UILabel+Extension.swift */; };
		5C17D4702710DFF200035051 /* Onboarding_2_Cell.swift in Sources */ = {isa = PBXBuildFile; fileRef = 5C17D46F2710DFF200035051 /* Onboarding_2_Cell.swift */; };
		5C17D4722710E00500035051 /* Onboarding_5_Cell.swift in Sources */ = {isa = PBXBuildFile; fileRef = 5C17D4712710E00500035051 /* Onboarding_5_Cell.swift */; };
		5C17D4742710E01200035051 /* Onboarding_6_Cell.swift in Sources */ = {isa = PBXBuildFile; fileRef = 5C17D4732710E01200035051 /* Onboarding_6_Cell.swift */; };
		5C17D47627114A6B00035051 /* OnboardingTextCell.swift in Sources */ = {isa = PBXBuildFile; fileRef = 5C17D47527114A6B00035051 /* OnboardingTextCell.swift */; };
		5C17D4782711580D00035051 /* OnboardingStockCell.swift in Sources */ = {isa = PBXBuildFile; fileRef = 5C17D4772711580D00035051 /* OnboardingStockCell.swift */; };
		5C17D47A271175D000035051 /* UITextField+Extension.swift in Sources */ = {isa = PBXBuildFile; fileRef = 5C17D479271175D000035051 /* UITextField+Extension.swift */; };
		5C17D47F271187C300035051 /* Analytics.swift in Sources */ = {isa = PBXBuildFile; fileRef = 5C17D47E271187C300035051 /* Analytics.swift */; };
		5C17D481271195B000035051 /* Onboarding_3_Cell.swift in Sources */ = {isa = PBXBuildFile; fileRef = 5C17D480271195B000035051 /* Onboarding_3_Cell.swift */; };
		5C17D483271195C200035051 /* Onboarding_4_Cell.swift in Sources */ = {isa = PBXBuildFile; fileRef = 5C17D482271195C200035051 /* Onboarding_4_Cell.swift */; };
		5C17D4852711B11A00035051 /* QuizController.swift in Sources */ = {isa = PBXBuildFile; fileRef = 5C17D4842711B11A00035051 /* QuizController.swift */; };
		5C17D4882711BB4D00035051 /* QuizCell.swift in Sources */ = {isa = PBXBuildFile; fileRef = 5C17D4872711BB4C00035051 /* QuizCell.swift */; };
		5C17D48A2711D30800035051 /* GoogleService-Info.plist in Resources */ = {isa = PBXBuildFile; fileRef = 5C17D4892711D30700035051 /* GoogleService-Info.plist */; };
		5CCEADE627122D4C000B5026 /* confetti.json in Resources */ = {isa = PBXBuildFile; fileRef = 5CCEADE527122D4C000B5026 /* confetti.json */; };
		5CFFA255271291360072B7F6 /* OnboardingTextDescCell.swift in Sources */ = {isa = PBXBuildFile; fileRef = 5CFFA254271291360072B7F6 /* OnboardingTextDescCell.swift */; };
		9A2BBF9A21679DB755EA7F9E /* Pods_Big_Brain_Team.framework in Frameworks */ = {isa = PBXBuildFile; fileRef = 6F178E2DE1933710FD2F3D97 /* Pods_Big_Brain_Team.framework */; };
		C77DB4770864FEEBC1CA3A95 /* Pods_Big_Brain_TeamTests.framework in Frameworks */ = {isa = PBXBuildFile; fileRef = 9E060B00F71409F76B0D2641 /* Pods_Big_Brain_TeamTests.framework */; };
		E49A78A1BDD8E2491802CD22 /* Pods_Big_Brain_Team_Big_Brain_TeamUITests.framework in Frameworks */ = {isa = PBXBuildFile; fileRef = 991EE394BA04ECC917B9E812 /* Pods_Big_Brain_Team_Big_Brain_TeamUITests.framework */; };
/* End PBXBuildFile section */

/* Begin PBXContainerItemProxy section */
		5C17D43D2710C1EC00035051 /* PBXContainerItemProxy */ = {
			isa = PBXContainerItemProxy;
			containerPortal = 5C17D41E2710C1E200035051 /* Project object */;
			proxyType = 1;
			remoteGlobalIDString = 5C17D4252710C1E200035051;
			remoteInfo = "Big Brain Team";
		};
		5C17D4472710C1ED00035051 /* PBXContainerItemProxy */ = {
			isa = PBXContainerItemProxy;
			containerPortal = 5C17D41E2710C1E200035051 /* Project object */;
			proxyType = 1;
			remoteGlobalIDString = 5C17D4252710C1E200035051;
			remoteInfo = "Big Brain Team";
		};
/* End PBXContainerItemProxy section */

/* Begin PBXFileReference section */
		241C19FA578524934C4DBD14 /* Pods-Big Brain TeamTests.debug.xcconfig */ = {isa = PBXFileReference; includeInIndex = 1; lastKnownFileType = text.xcconfig; name = "Pods-Big Brain TeamTests.debug.xcconfig"; path = "Target Support Files/Pods-Big Brain TeamTests/Pods-Big Brain TeamTests.debug.xcconfig"; sourceTree = "<group>"; };
		400934C2E0015CD5453B8976 /* Pods-Big Brain Team.debug.xcconfig */ = {isa = PBXFileReference; includeInIndex = 1; lastKnownFileType = text.xcconfig; name = "Pods-Big Brain Team.debug.xcconfig"; path = "Target Support Files/Pods-Big Brain Team/Pods-Big Brain Team.debug.xcconfig"; sourceTree = "<group>"; };
		5C08B5052712216900F3FE80 /* QuizEndController.swift */ = {isa = PBXFileReference; lastKnownFileType = sourcecode.swift; path = QuizEndController.swift; sourceTree = "<group>"; };
		5C08B5072712293500F3FE80 /* QuizWinController.swift */ = {isa = PBXFileReference; lastKnownFileType = sourcecode.swift; path = QuizWinController.swift; sourceTree = "<group>"; };
		5C17D4262710C1E200035051 /* Big Brain Team.app */ = {isa = PBXFileReference; explicitFileType = wrapper.application; includeInIndex = 0; path = "Big Brain Team.app"; sourceTree = BUILT_PRODUCTS_DIR; };
		5C17D4292710C1E200035051 /* AppDelegate.swift */ = {isa = PBXFileReference; lastKnownFileType = sourcecode.swift; path = AppDelegate.swift; sourceTree = "<group>"; };
		5C17D42B2710C1E200035051 /* SceneDelegate.swift */ = {isa = PBXFileReference; lastKnownFileType = sourcecode.swift; path = SceneDelegate.swift; sourceTree = "<group>"; };
		5C17D42D2710C1E200035051 /* OnboardingController.swift */ = {isa = PBXFileReference; lastKnownFileType = sourcecode.swift; path = OnboardingController.swift; sourceTree = "<group>"; };
		5C17D4322710C1EC00035051 /* Assets.xcassets */ = {isa = PBXFileReference; lastKnownFileType = folder.assetcatalog; path = Assets.xcassets; sourceTree = "<group>"; };
		5C17D4352710C1EC00035051 /* Base */ = {isa = PBXFileReference; lastKnownFileType = file.storyboard; name = Base; path = Base.lproj/LaunchScreen.storyboard; sourceTree = "<group>"; };
		5C17D4372710C1EC00035051 /* Info.plist */ = {isa = PBXFileReference; lastKnownFileType = text.plist.xml; path = Info.plist; sourceTree = "<group>"; };
		5C17D43C2710C1EC00035051 /* Big Brain TeamTests.xctest */ = {isa = PBXFileReference; explicitFileType = wrapper.cfbundle; includeInIndex = 0; path = "Big Brain TeamTests.xctest"; sourceTree = BUILT_PRODUCTS_DIR; };
		5C17D4402710C1EC00035051 /* Big_Brain_TeamTests.swift */ = {isa = PBXFileReference; lastKnownFileType = sourcecode.swift; path = Big_Brain_TeamTests.swift; sourceTree = "<group>"; };
		5C17D4462710C1ED00035051 /* Big Brain TeamUITests.xctest */ = {isa = PBXFileReference; explicitFileType = wrapper.cfbundle; includeInIndex = 0; path = "Big Brain TeamUITests.xctest"; sourceTree = BUILT_PRODUCTS_DIR; };
		5C17D44A2710C1ED00035051 /* Big_Brain_TeamUITests.swift */ = {isa = PBXFileReference; lastKnownFileType = sourcecode.swift; path = Big_Brain_TeamUITests.swift; sourceTree = "<group>"; };
		5C17D44C2710C1ED00035051 /* Big_Brain_TeamUITestsLaunchTests.swift */ = {isa = PBXFileReference; lastKnownFileType = sourcecode.swift; path = Big_Brain_TeamUITestsLaunchTests.swift; sourceTree = "<group>"; };
		5C17D45A2710C3B300035051 /* UIView+Extension.swift */ = {isa = PBXFileReference; lastKnownFileType = sourcecode.swift; path = "UIView+Extension.swift"; sourceTree = "<group>"; };
		5C17D45C2710C41C00035051 /* UIViewController+Extension.swift */ = {isa = PBXFileReference; lastKnownFileType = sourcecode.swift; path = "UIViewController+Extension.swift"; sourceTree = "<group>"; };
		5C17D45F2710C52500035051 /* Vibration.swift */ = {isa = PBXFileReference; lastKnownFileType = sourcecode.swift; path = Vibration.swift; sourceTree = "<group>"; };
		5C17D4612710D6E700035051 /* Colors.swift */ = {isa = PBXFileReference; lastKnownFileType = sourcecode.swift; path = Colors.swift; sourceTree = "<group>"; };
		5C17D4632710D74900035051 /* MainConstants.swift */ = {isa = PBXFileReference; lastKnownFileType = sourcecode.swift; path = MainConstants.swift; sourceTree = "<group>"; };
		5C17D46B2710DA8C00035051 /* Onboarding_1_Cell.swift */ = {isa = PBXFileReference; lastKnownFileType = sourcecode.swift; path = Onboarding_1_Cell.swift; sourceTree = "<group>"; };
		5C17D46D2710DACD00035051 /* UILabel+Extension.swift */ = {isa = PBXFileReference; lastKnownFileType = sourcecode.swift; path = "UILabel+Extension.swift"; sourceTree = "<group>"; };
		5C17D46F2710DFF200035051 /* Onboarding_2_Cell.swift */ = {isa = PBXFileReference; lastKnownFileType = sourcecode.swift; path = Onboarding_2_Cell.swift; sourceTree = "<group>"; };
		5C17D4712710E00500035051 /* Onboarding_5_Cell.swift */ = {isa = PBXFileReference; lastKnownFileType = sourcecode.swift; path = Onboarding_5_Cell.swift; sourceTree = "<group>"; };
		5C17D4732710E01200035051 /* Onboarding_6_Cell.swift */ = {isa = PBXFileReference; lastKnownFileType = sourcecode.swift; path = Onboarding_6_Cell.swift; sourceTree = "<group>"; };
		5C17D47527114A6B00035051 /* OnboardingTextCell.swift */ = {isa = PBXFileReference; lastKnownFileType = sourcecode.swift; path = OnboardingTextCell.swift; sourceTree = "<group>"; };
		5C17D4772711580D00035051 /* OnboardingStockCell.swift */ = {isa = PBXFileReference; lastKnownFileType = sourcecode.swift; path = OnboardingStockCell.swift; sourceTree = "<group>"; };
		5C17D479271175D000035051 /* UITextField+Extension.swift */ = {isa = PBXFileReference; lastKnownFileType = sourcecode.swift; path = "UITextField+Extension.swift"; sourceTree = "<group>"; };
		5C17D47E271187C300035051 /* Analytics.swift */ = {isa = PBXFileReference; lastKnownFileType = sourcecode.swift; path = Analytics.swift; sourceTree = "<group>"; };
		5C17D480271195B000035051 /* Onboarding_3_Cell.swift */ = {isa = PBXFileReference; lastKnownFileType = sourcecode.swift; path = Onboarding_3_Cell.swift; sourceTree = "<group>"; };
		5C17D482271195C200035051 /* Onboarding_4_Cell.swift */ = {isa = PBXFileReference; lastKnownFileType = sourcecode.swift; path = Onboarding_4_Cell.swift; sourceTree = "<group>"; };
		5C17D4842711B11A00035051 /* QuizController.swift */ = {isa = PBXFileReference; lastKnownFileType = sourcecode.swift; path = QuizController.swift; sourceTree = "<group>"; };
		5C17D4872711BB4C00035051 /* QuizCell.swift */ = {isa = PBXFileReference; lastKnownFileType = sourcecode.swift; path = QuizCell.swift; sourceTree = "<group>"; };
		5C17D4892711D30700035051 /* GoogleService-Info.plist */ = {isa = PBXFileReference; fileEncoding = 4; lastKnownFileType = text.plist.xml; path = "GoogleService-Info.plist"; sourceTree = "<group>"; };
		5CCEADE527122D4C000B5026 /* confetti.json */ = {isa = PBXFileReference; fileEncoding = 4; lastKnownFileType = text.json; path = confetti.json; sourceTree = "<group>"; };
		5CFFA254271291360072B7F6 /* OnboardingTextDescCell.swift */ = {isa = PBXFileReference; lastKnownFileType = sourcecode.swift; path = OnboardingTextDescCell.swift; sourceTree = "<group>"; };
		6BE36B521A6348CD8D966B6E /* Pods-Big Brain Team-Big Brain TeamUITests.release.xcconfig */ = {isa = PBXFileReference; includeInIndex = 1; lastKnownFileType = text.xcconfig; name = "Pods-Big Brain Team-Big Brain TeamUITests.release.xcconfig"; path = "Target Support Files/Pods-Big Brain Team-Big Brain TeamUITests/Pods-Big Brain Team-Big Brain TeamUITests.release.xcconfig"; sourceTree = "<group>"; };
		6F178E2DE1933710FD2F3D97 /* Pods_Big_Brain_Team.framework */ = {isa = PBXFileReference; explicitFileType = wrapper.framework; includeInIndex = 0; path = Pods_Big_Brain_Team.framework; sourceTree = BUILT_PRODUCTS_DIR; };
		729C1D47FF5E573ED32194F4 /* Pods-Big Brain TeamTests.release.xcconfig */ = {isa = PBXFileReference; includeInIndex = 1; lastKnownFileType = text.xcconfig; name = "Pods-Big Brain TeamTests.release.xcconfig"; path = "Target Support Files/Pods-Big Brain TeamTests/Pods-Big Brain TeamTests.release.xcconfig"; sourceTree = "<group>"; };
		8584DFD87CFC476852291C7D /* Pods-Big Brain Team-Big Brain TeamUITests.debug.xcconfig */ = {isa = PBXFileReference; includeInIndex = 1; lastKnownFileType = text.xcconfig; name = "Pods-Big Brain Team-Big Brain TeamUITests.debug.xcconfig"; path = "Target Support Files/Pods-Big Brain Team-Big Brain TeamUITests/Pods-Big Brain Team-Big Brain TeamUITests.debug.xcconfig"; sourceTree = "<group>"; };
		991EE394BA04ECC917B9E812 /* Pods_Big_Brain_Team_Big_Brain_TeamUITests.framework */ = {isa = PBXFileReference; explicitFileType = wrapper.framework; includeInIndex = 0; path = Pods_Big_Brain_Team_Big_Brain_TeamUITests.framework; sourceTree = BUILT_PRODUCTS_DIR; };
		9E060B00F71409F76B0D2641 /* Pods_Big_Brain_TeamTests.framework */ = {isa = PBXFileReference; explicitFileType = wrapper.framework; includeInIndex = 0; path = Pods_Big_Brain_TeamTests.framework; sourceTree = BUILT_PRODUCTS_DIR; };
		CCA8DDE2DCA35E4B031D7B7D /* Pods-Big Brain Team.release.xcconfig */ = {isa = PBXFileReference; includeInIndex = 1; lastKnownFileType = text.xcconfig; name = "Pods-Big Brain Team.release.xcconfig"; path = "Target Support Files/Pods-Big Brain Team/Pods-Big Brain Team.release.xcconfig"; sourceTree = "<group>"; };
/* End PBXFileReference section */

/* Begin PBXFrameworksBuildPhase section */
		5C17D4232710C1E200035051 /* Frameworks */ = {
			isa = PBXFrameworksBuildPhase;
			buildActionMask = 2147483647;
			files = (
				9A2BBF9A21679DB755EA7F9E /* Pods_Big_Brain_Team.framework in Frameworks */,
			);
			runOnlyForDeploymentPostprocessing = 0;
		};
		5C17D4392710C1EC00035051 /* Frameworks */ = {
			isa = PBXFrameworksBuildPhase;
			buildActionMask = 2147483647;
			files = (
				C77DB4770864FEEBC1CA3A95 /* Pods_Big_Brain_TeamTests.framework in Frameworks */,
			);
			runOnlyForDeploymentPostprocessing = 0;
		};
		5C17D4432710C1ED00035051 /* Frameworks */ = {
			isa = PBXFrameworksBuildPhase;
			buildActionMask = 2147483647;
			files = (
				E49A78A1BDD8E2491802CD22 /* Pods_Big_Brain_Team_Big_Brain_TeamUITests.framework in Frameworks */,
			);
			runOnlyForDeploymentPostprocessing = 0;
		};
/* End PBXFrameworksBuildPhase section */

/* Begin PBXGroup section */
		084B9671BD2775C020DF3A8E /* Frameworks */ = {
			isa = PBXGroup;
			children = (
				6F178E2DE1933710FD2F3D97 /* Pods_Big_Brain_Team.framework */,
				991EE394BA04ECC917B9E812 /* Pods_Big_Brain_Team_Big_Brain_TeamUITests.framework */,
				9E060B00F71409F76B0D2641 /* Pods_Big_Brain_TeamTests.framework */,
			);
			name = Frameworks;
			sourceTree = "<group>";
		};
		5C17D41D2710C1E200035051 = {
			isa = PBXGroup;
			children = (
				5C17D4282710C1E200035051 /* Big Brain Team */,
				5C17D43F2710C1EC00035051 /* Big Brain TeamTests */,
				5C17D4492710C1ED00035051 /* Big Brain TeamUITests */,
				5C17D4272710C1E200035051 /* Products */,
				9FE52CE7F562912ACB20D72F /* Pods */,
				084B9671BD2775C020DF3A8E /* Frameworks */,
			);
			sourceTree = "<group>";
		};
		5C17D4272710C1E200035051 /* Products */ = {
			isa = PBXGroup;
			children = (
				5C17D4262710C1E200035051 /* Big Brain Team.app */,
				5C17D43C2710C1EC00035051 /* Big Brain TeamTests.xctest */,
				5C17D4462710C1ED00035051 /* Big Brain TeamUITests.xctest */,
			);
			name = Products;
			sourceTree = "<group>";
		};
		5C17D4282710C1E200035051 /* Big Brain Team */ = {
			isa = PBXGroup;
			children = (
				5C17D4652710D7C900035051 /* Screens */,
				5C17D4292710C1E200035051 /* AppDelegate.swift */,
				5C17D42B2710C1E200035051 /* SceneDelegate.swift */,
				5C17D47D271187AC00035051 /* Server */,
				5C17D45E2710C51100035051 /* Main Constants */,
				5C17D4592710C39B00035051 /* Extensions */,
				5C17D4322710C1EC00035051 /* Assets.xcassets */,
				5C17D4892711D30700035051 /* GoogleService-Info.plist */,
				5C17D4342710C1EC00035051 /* LaunchScreen.storyboard */,
				5CCEADE527122D4C000B5026 /* confetti.json */,
				5C17D4372710C1EC00035051 /* Info.plist */,
			);
			path = "Big Brain Team";
			sourceTree = "<group>";
		};
		5C17D43F2710C1EC00035051 /* Big Brain TeamTests */ = {
			isa = PBXGroup;
			children = (
				5C17D4402710C1EC00035051 /* Big_Brain_TeamTests.swift */,
			);
			path = "Big Brain TeamTests";
			sourceTree = "<group>";
		};
		5C17D4492710C1ED00035051 /* Big Brain TeamUITests */ = {
			isa = PBXGroup;
			children = (
				5C17D44A2710C1ED00035051 /* Big_Brain_TeamUITests.swift */,
				5C17D44C2710C1ED00035051 /* Big_Brain_TeamUITestsLaunchTests.swift */,
			);
			path = "Big Brain TeamUITests";
			sourceTree = "<group>";
		};
		5C17D4592710C39B00035051 /* Extensions */ = {
			isa = PBXGroup;
			children = (
				5C17D45A2710C3B300035051 /* UIView+Extension.swift */,
				5C17D45C2710C41C00035051 /* UIViewController+Extension.swift */,
				5C17D46D2710DACD00035051 /* UILabel+Extension.swift */,
				5C17D479271175D000035051 /* UITextField+Extension.swift */,
			);
			path = Extensions;
			sourceTree = "<group>";
		};
		5C17D45E2710C51100035051 /* Main Constants */ = {
			isa = PBXGroup;
			children = (
				5C17D45F2710C52500035051 /* Vibration.swift */,
				5C17D4612710D6E700035051 /* Colors.swift */,
				5C17D4632710D74900035051 /* MainConstants.swift */,
			);
			path = "Main Constants";
			sourceTree = "<group>";
		};
		5C17D4652710D7C900035051 /* Screens */ = {
			isa = PBXGroup;
			children = (
				5C17D4862711B11E00035051 /* Quiz */,
				5C17D4662710D7D000035051 /* Onboarding */,
			);
			path = Screens;
			sourceTree = "<group>";
		};
		5C17D4662710D7D000035051 /* Onboarding */ = {
			isa = PBXGroup;
			children = (
				5C17D42D2710C1E200035051 /* OnboardingController.swift */,
				5C17D46A2710DA6500035051 /* Cells */,
			);
			path = Onboarding;
			sourceTree = "<group>";
		};
		5C17D46A2710DA6500035051 /* Cells */ = {
			isa = PBXGroup;
			children = (
				5C17D46B2710DA8C00035051 /* Onboarding_1_Cell.swift */,
				5C17D46F2710DFF200035051 /* Onboarding_2_Cell.swift */,
				5C17D480271195B000035051 /* Onboarding_3_Cell.swift */,
				5C17D482271195C200035051 /* Onboarding_4_Cell.swift */,
				5C17D4712710E00500035051 /* Onboarding_5_Cell.swift */,
				5C17D4732710E01200035051 /* Onboarding_6_Cell.swift */,
				5C17D47527114A6B00035051 /* OnboardingTextCell.swift */,
				5CFFA254271291360072B7F6 /* OnboardingTextDescCell.swift */,
				5C17D4772711580D00035051 /* OnboardingStockCell.swift */,
			);
			path = Cells;
			sourceTree = "<group>";
		};
		5C17D47D271187AC00035051 /* Server */ = {
			isa = PBXGroup;
			children = (
				5C17D47E271187C300035051 /* Analytics.swift */,
			);
			path = Server;
			sourceTree = "<group>";
		};
		5C17D4862711B11E00035051 /* Quiz */ = {
			isa = PBXGroup;
			children = (
				5C17D4842711B11A00035051 /* QuizController.swift */,
				5C08B5052712216900F3FE80 /* QuizEndController.swift */,
				5C08B5072712293500F3FE80 /* QuizWinController.swift */,
				5C17D4872711BB4C00035051 /* QuizCell.swift */,
			);
			path = Quiz;
			sourceTree = "<group>";
		};
		9FE52CE7F562912ACB20D72F /* Pods */ = {
			isa = PBXGroup;
			children = (
				400934C2E0015CD5453B8976 /* Pods-Big Brain Team.debug.xcconfig */,
				CCA8DDE2DCA35E4B031D7B7D /* Pods-Big Brain Team.release.xcconfig */,
				8584DFD87CFC476852291C7D /* Pods-Big Brain Team-Big Brain TeamUITests.debug.xcconfig */,
				6BE36B521A6348CD8D966B6E /* Pods-Big Brain Team-Big Brain TeamUITests.release.xcconfig */,
				241C19FA578524934C4DBD14 /* Pods-Big Brain TeamTests.debug.xcconfig */,
				729C1D47FF5E573ED32194F4 /* Pods-Big Brain TeamTests.release.xcconfig */,
			);
			path = Pods;
			sourceTree = "<group>";
		};
/* End PBXGroup section */

/* Begin PBXNativeTarget section */
		5C17D4252710C1E200035051 /* Big Brain Team */ = {
			isa = PBXNativeTarget;
			buildConfigurationList = 5C17D4502710C1ED00035051 /* Build configuration list for PBXNativeTarget "Big Brain Team" */;
			buildPhases = (
				1EA30C636E23677342490B3A /* [CP] Check Pods Manifest.lock */,
				5C17D4222710C1E200035051 /* Sources */,
				5C17D4232710C1E200035051 /* Frameworks */,
				5C17D4242710C1E200035051 /* Resources */,
				FCB06099510F47EBCB60E88D /* [CP] Embed Pods Frameworks */,
			);
			buildRules = (
			);
			dependencies = (
			);
			name = "Big Brain Team";
			productName = "Big Brain Team";
			productReference = 5C17D4262710C1E200035051 /* Big Brain Team.app */;
			productType = "com.apple.product-type.application";
		};
		5C17D43B2710C1EC00035051 /* Big Brain TeamTests */ = {
			isa = PBXNativeTarget;
			buildConfigurationList = 5C17D4532710C1ED00035051 /* Build configuration list for PBXNativeTarget "Big Brain TeamTests" */;
			buildPhases = (
				FD170E91C50A71C3500A21F6 /* [CP] Check Pods Manifest.lock */,
				5C17D4382710C1EC00035051 /* Sources */,
				5C17D4392710C1EC00035051 /* Frameworks */,
				5C17D43A2710C1EC00035051 /* Resources */,
			);
			buildRules = (
			);
			dependencies = (
				5C17D43E2710C1EC00035051 /* PBXTargetDependency */,
			);
			name = "Big Brain TeamTests";
			productName = "Big Brain TeamTests";
			productReference = 5C17D43C2710C1EC00035051 /* Big Brain TeamTests.xctest */;
			productType = "com.apple.product-type.bundle.unit-test";
		};
		5C17D4452710C1ED00035051 /* Big Brain TeamUITests */ = {
			isa = PBXNativeTarget;
			buildConfigurationList = 5C17D4562710C1ED00035051 /* Build configuration list for PBXNativeTarget "Big Brain TeamUITests" */;
			buildPhases = (
				D934DA27D1A436E7E8A4BBBC /* [CP] Check Pods Manifest.lock */,
				5C17D4422710C1ED00035051 /* Sources */,
				5C17D4432710C1ED00035051 /* Frameworks */,
				5C17D4442710C1ED00035051 /* Resources */,
				E837103255723572E7973917 /* [CP] Embed Pods Frameworks */,
			);
			buildRules = (
			);
			dependencies = (
				5C17D4482710C1ED00035051 /* PBXTargetDependency */,
			);
			name = "Big Brain TeamUITests";
			productName = "Big Brain TeamUITests";
			productReference = 5C17D4462710C1ED00035051 /* Big Brain TeamUITests.xctest */;
			productType = "com.apple.product-type.bundle.ui-testing";
		};
/* End PBXNativeTarget section */

/* Begin PBXProject section */
		5C17D41E2710C1E200035051 /* Project object */ = {
			isa = PBXProject;
			attributes = {
				BuildIndependentTargetsInParallel = 1;
				LastSwiftUpdateCheck = 1300;
				LastUpgradeCheck = 1300;
				TargetAttributes = {
					5C17D4252710C1E200035051 = {
						CreatedOnToolsVersion = 13.0;
					};
					5C17D43B2710C1EC00035051 = {
						CreatedOnToolsVersion = 13.0;
						TestTargetID = 5C17D4252710C1E200035051;
					};
					5C17D4452710C1ED00035051 = {
						CreatedOnToolsVersion = 13.0;
						TestTargetID = 5C17D4252710C1E200035051;
					};
				};
			};
			buildConfigurationList = 5C17D4212710C1E200035051 /* Build configuration list for PBXProject "Big Brain Team" */;
			compatibilityVersion = "Xcode 12.0";
			developmentRegion = en;
			hasScannedForEncodings = 0;
			knownRegions = (
				en,
				Base,
			);
			mainGroup = 5C17D41D2710C1E200035051;
			productRefGroup = 5C17D4272710C1E200035051 /* Products */;
			projectDirPath = "";
			projectRoot = "";
			targets = (
				5C17D4252710C1E200035051 /* Big Brain Team */,
				5C17D43B2710C1EC00035051 /* Big Brain TeamTests */,
				5C17D4452710C1ED00035051 /* Big Brain TeamUITests */,
			);
		};
/* End PBXProject section */

/* Begin PBXResourcesBuildPhase section */
		5C17D4242710C1E200035051 /* Resources */ = {
			isa = PBXResourcesBuildPhase;
			buildActionMask = 2147483647;
			files = (
				5C17D4362710C1EC00035051 /* LaunchScreen.storyboard in Resources */,
				5CCEADE627122D4C000B5026 /* confetti.json in Resources */,
				5C17D4332710C1EC00035051 /* Assets.xcassets in Resources */,
				5C17D48A2711D30800035051 /* GoogleService-Info.plist in Resources */,
			);
			runOnlyForDeploymentPostprocessing = 0;
		};
		5C17D43A2710C1EC00035051 /* Resources */ = {
			isa = PBXResourcesBuildPhase;
			buildActionMask = 2147483647;
			files = (
			);
			runOnlyForDeploymentPostprocessing = 0;
		};
		5C17D4442710C1ED00035051 /* Resources */ = {
			isa = PBXResourcesBuildPhase;
			buildActionMask = 2147483647;
			files = (
			);
			runOnlyForDeploymentPostprocessing = 0;
		};
/* End PBXResourcesBuildPhase section */

/* Begin PBXShellScriptBuildPhase section */
		1EA30C636E23677342490B3A /* [CP] Check Pods Manifest.lock */ = {
			isa = PBXShellScriptBuildPhase;
			buildActionMask = 2147483647;
			files = (
			);
			inputFileListPaths = (
			);
			inputPaths = (
				"${PODS_PODFILE_DIR_PATH}/Podfile.lock",
				"${PODS_ROOT}/Manifest.lock",
			);
			name = "[CP] Check Pods Manifest.lock";
			outputFileListPaths = (
			);
			outputPaths = (
				"$(DERIVED_FILE_DIR)/Pods-Big Brain Team-checkManifestLockResult.txt",
			);
			runOnlyForDeploymentPostprocessing = 0;
			shellPath = /bin/sh;
			shellScript = "diff \"${PODS_PODFILE_DIR_PATH}/Podfile.lock\" \"${PODS_ROOT}/Manifest.lock\" > /dev/null\nif [ $? != 0 ] ; then\n    # print error to STDERR\n    echo \"error: The sandbox is not in sync with the Podfile.lock. Run 'pod install' or update your CocoaPods installation.\" >&2\n    exit 1\nfi\n# This output is used by Xcode 'outputs' to avoid re-running this script phase.\necho \"SUCCESS\" > \"${SCRIPT_OUTPUT_FILE_0}\"\n";
			showEnvVarsInLog = 0;
		};
		D934DA27D1A436E7E8A4BBBC /* [CP] Check Pods Manifest.lock */ = {
			isa = PBXShellScriptBuildPhase;
			buildActionMask = 2147483647;
			files = (
			);
			inputFileListPaths = (
			);
			inputPaths = (
				"${PODS_PODFILE_DIR_PATH}/Podfile.lock",
				"${PODS_ROOT}/Manifest.lock",
			);
			name = "[CP] Check Pods Manifest.lock";
			outputFileListPaths = (
			);
			outputPaths = (
				"$(DERIVED_FILE_DIR)/Pods-Big Brain Team-Big Brain TeamUITests-checkManifestLockResult.txt",
			);
			runOnlyForDeploymentPostprocessing = 0;
			shellPath = /bin/sh;
			shellScript = "diff \"${PODS_PODFILE_DIR_PATH}/Podfile.lock\" \"${PODS_ROOT}/Manifest.lock\" > /dev/null\nif [ $? != 0 ] ; then\n    # print error to STDERR\n    echo \"error: The sandbox is not in sync with the Podfile.lock. Run 'pod install' or update your CocoaPods installation.\" >&2\n    exit 1\nfi\n# This output is used by Xcode 'outputs' to avoid re-running this script phase.\necho \"SUCCESS\" > \"${SCRIPT_OUTPUT_FILE_0}\"\n";
			showEnvVarsInLog = 0;
		};
		E837103255723572E7973917 /* [CP] Embed Pods Frameworks */ = {
			isa = PBXShellScriptBuildPhase;
			buildActionMask = 2147483647;
			files = (
			);
			inputFileListPaths = (
				"${PODS_ROOT}/Target Support Files/Pods-Big Brain Team-Big Brain TeamUITests/Pods-Big Brain Team-Big Brain TeamUITests-frameworks-${CONFIGURATION}-input-files.xcfilelist",
			);
			name = "[CP] Embed Pods Frameworks";
			outputFileListPaths = (
				"${PODS_ROOT}/Target Support Files/Pods-Big Brain Team-Big Brain TeamUITests/Pods-Big Brain Team-Big Brain TeamUITests-frameworks-${CONFIGURATION}-output-files.xcfilelist",
			);
			runOnlyForDeploymentPostprocessing = 0;
			shellPath = /bin/sh;
			shellScript = "\"${PODS_ROOT}/Target Support Files/Pods-Big Brain Team-Big Brain TeamUITests/Pods-Big Brain Team-Big Brain TeamUITests-frameworks.sh\"\n";
			showEnvVarsInLog = 0;
		};
		FCB06099510F47EBCB60E88D /* [CP] Embed Pods Frameworks */ = {
			isa = PBXShellScriptBuildPhase;
			buildActionMask = 2147483647;
			files = (
			);
			inputFileListPaths = (
				"${PODS_ROOT}/Target Support Files/Pods-Big Brain Team/Pods-Big Brain Team-frameworks-${CONFIGURATION}-input-files.xcfilelist",
			);
			name = "[CP] Embed Pods Frameworks";
			outputFileListPaths = (
				"${PODS_ROOT}/Target Support Files/Pods-Big Brain Team/Pods-Big Brain Team-frameworks-${CONFIGURATION}-output-files.xcfilelist",
			);
			runOnlyForDeploymentPostprocessing = 0;
			shellPath = /bin/sh;
			shellScript = "\"${PODS_ROOT}/Target Support Files/Pods-Big Brain Team/Pods-Big Brain Team-frameworks.sh\"\n";
			showEnvVarsInLog = 0;
		};
		FD170E91C50A71C3500A21F6 /* [CP] Check Pods Manifest.lock */ = {
			isa = PBXShellScriptBuildPhase;
			buildActionMask = 2147483647;
			files = (
			);
			inputFileListPaths = (
			);
			inputPaths = (
				"${PODS_PODFILE_DIR_PATH}/Podfile.lock",
				"${PODS_ROOT}/Manifest.lock",
			);
			name = "[CP] Check Pods Manifest.lock";
			outputFileListPaths = (
			);
			outputPaths = (
				"$(DERIVED_FILE_DIR)/Pods-Big Brain TeamTests-checkManifestLockResult.txt",
			);
			runOnlyForDeploymentPostprocessing = 0;
			shellPath = /bin/sh;
			shellScript = "diff \"${PODS_PODFILE_DIR_PATH}/Podfile.lock\" \"${PODS_ROOT}/Manifest.lock\" > /dev/null\nif [ $? != 0 ] ; then\n    # print error to STDERR\n    echo \"error: The sandbox is not in sync with the Podfile.lock. Run 'pod install' or update your CocoaPods installation.\" >&2\n    exit 1\nfi\n# This output is used by Xcode 'outputs' to avoid re-running this script phase.\necho \"SUCCESS\" > \"${SCRIPT_OUTPUT_FILE_0}\"\n";
			showEnvVarsInLog = 0;
		};
/* End PBXShellScriptBuildPhase section */

/* Begin PBXSourcesBuildPhase section */
		5C17D4222710C1E200035051 /* Sources */ = {
			isa = PBXSourcesBuildPhase;
			buildActionMask = 2147483647;
			files = (
				5C17D483271195C200035051 /* Onboarding_4_Cell.swift in Sources */,
				5C17D46E2710DACD00035051 /* UILabel+Extension.swift in Sources */,
				5C17D4852711B11A00035051 /* QuizController.swift in Sources */,
				5C17D4722710E00500035051 /* Onboarding_5_Cell.swift in Sources */,
				5C17D4642710D74900035051 /* MainConstants.swift in Sources */,
				5C17D42E2710C1E200035051 /* OnboardingController.swift in Sources */,
				5C17D46C2710DA8C00035051 /* Onboarding_1_Cell.swift in Sources */,
				5C17D42A2710C1E200035051 /* AppDelegate.swift in Sources */,
				5C17D47F271187C300035051 /* Analytics.swift in Sources */,
				5C17D45B2710C3B300035051 /* UIView+Extension.swift in Sources */,
				5C17D481271195B000035051 /* Onboarding_3_Cell.swift in Sources */,
				5C17D4622710D6E700035051 /* Colors.swift in Sources */,
				5C08B5062712216900F3FE80 /* QuizEndController.swift in Sources */,
				5C17D4882711BB4D00035051 /* QuizCell.swift in Sources */,
				5C08B5082712293500F3FE80 /* QuizWinController.swift in Sources */,
				5C17D4742710E01200035051 /* Onboarding_6_Cell.swift in Sources */,
				5C17D45D2710C41C00035051 /* UIViewController+Extension.swift in Sources */,
				5C17D4782711580D00035051 /* OnboardingStockCell.swift in Sources */,
				5C17D4702710DFF200035051 /* Onboarding_2_Cell.swift in Sources */,
				5C17D4602710C52500035051 /* Vibration.swift in Sources */,
				5C17D47627114A6B00035051 /* OnboardingTextCell.swift in Sources */,
				5C17D42C2710C1E200035051 /* SceneDelegate.swift in Sources */,
				5CFFA255271291360072B7F6 /* OnboardingTextDescCell.swift in Sources */,
				5C17D47A271175D000035051 /* UITextField+Extension.swift in Sources */,
			);
			runOnlyForDeploymentPostprocessing = 0;
		};
		5C17D4382710C1EC00035051 /* Sources */ = {
			isa = PBXSourcesBuildPhase;
			buildActionMask = 2147483647;
			files = (
				5C17D4412710C1EC00035051 /* Big_Brain_TeamTests.swift in Sources */,
			);
			runOnlyForDeploymentPostprocessing = 0;
		};
		5C17D4422710C1ED00035051 /* Sources */ = {
			isa = PBXSourcesBuildPhase;
			buildActionMask = 2147483647;
			files = (
				5C17D44B2710C1ED00035051 /* Big_Brain_TeamUITests.swift in Sources */,
				5C17D44D2710C1ED00035051 /* Big_Brain_TeamUITestsLaunchTests.swift in Sources */,
			);
			runOnlyForDeploymentPostprocessing = 0;
		};
/* End PBXSourcesBuildPhase section */

/* Begin PBXTargetDependency section */
		5C17D43E2710C1EC00035051 /* PBXTargetDependency */ = {
			isa = PBXTargetDependency;
			target = 5C17D4252710C1E200035051 /* Big Brain Team */;
			targetProxy = 5C17D43D2710C1EC00035051 /* PBXContainerItemProxy */;
		};
		5C17D4482710C1ED00035051 /* PBXTargetDependency */ = {
			isa = PBXTargetDependency;
			target = 5C17D4252710C1E200035051 /* Big Brain Team */;
			targetProxy = 5C17D4472710C1ED00035051 /* PBXContainerItemProxy */;
		};
/* End PBXTargetDependency section */

/* Begin PBXVariantGroup section */
		5C17D4342710C1EC00035051 /* LaunchScreen.storyboard */ = {
			isa = PBXVariantGroup;
			children = (
				5C17D4352710C1EC00035051 /* Base */,
			);
			name = LaunchScreen.storyboard;
			sourceTree = "<group>";
		};
/* End PBXVariantGroup section */

/* Begin XCBuildConfiguration section */
		5C17D44E2710C1ED00035051 /* Debug */ = {
			isa = XCBuildConfiguration;
			buildSettings = {
				ALWAYS_SEARCH_USER_PATHS = NO;
				CLANG_ANALYZER_NONNULL = YES;
				CLANG_ANALYZER_NUMBER_OBJECT_CONVERSION = YES_AGGRESSIVE;
				CLANG_CXX_LANGUAGE_STANDARD = "gnu++17";
				CLANG_CXX_LIBRARY = "libc++";
				CLANG_ENABLE_MODULES = YES;
				CLANG_ENABLE_OBJC_ARC = YES;
				CLANG_ENABLE_OBJC_WEAK = YES;
				CLANG_WARN_BLOCK_CAPTURE_AUTORELEASING = YES;
				CLANG_WARN_BOOL_CONVERSION = YES;
				CLANG_WARN_COMMA = YES;
				CLANG_WARN_CONSTANT_CONVERSION = YES;
				CLANG_WARN_DEPRECATED_OBJC_IMPLEMENTATIONS = YES;
				CLANG_WARN_DIRECT_OBJC_ISA_USAGE = YES_ERROR;
				CLANG_WARN_DOCUMENTATION_COMMENTS = YES;
				CLANG_WARN_EMPTY_BODY = YES;
				CLANG_WARN_ENUM_CONVERSION = YES;
				CLANG_WARN_INFINITE_RECURSION = YES;
				CLANG_WARN_INT_CONVERSION = YES;
				CLANG_WARN_NON_LITERAL_NULL_CONVERSION = YES;
				CLANG_WARN_OBJC_IMPLICIT_RETAIN_SELF = YES;
				CLANG_WARN_OBJC_LITERAL_CONVERSION = YES;
				CLANG_WARN_OBJC_ROOT_CLASS = YES_ERROR;
				CLANG_WARN_QUOTED_INCLUDE_IN_FRAMEWORK_HEADER = YES;
				CLANG_WARN_RANGE_LOOP_ANALYSIS = YES;
				CLANG_WARN_STRICT_PROTOTYPES = YES;
				CLANG_WARN_SUSPICIOUS_MOVE = YES;
				CLANG_WARN_UNGUARDED_AVAILABILITY = YES_AGGRESSIVE;
				CLANG_WARN_UNREACHABLE_CODE = YES;
				CLANG_WARN__DUPLICATE_METHOD_MATCH = YES;
				COPY_PHASE_STRIP = NO;
				DEBUG_INFORMATION_FORMAT = dwarf;
				ENABLE_STRICT_OBJC_MSGSEND = YES;
				ENABLE_TESTABILITY = YES;
				GCC_C_LANGUAGE_STANDARD = gnu11;
				GCC_DYNAMIC_NO_PIC = NO;
				GCC_NO_COMMON_BLOCKS = YES;
				GCC_OPTIMIZATION_LEVEL = 0;
				GCC_PREPROCESSOR_DEFINITIONS = (
					"DEBUG=1",
					"$(inherited)",
				);
				GCC_WARN_64_TO_32_BIT_CONVERSION = YES;
				GCC_WARN_ABOUT_RETURN_TYPE = YES_ERROR;
				GCC_WARN_UNDECLARED_SELECTOR = YES;
				GCC_WARN_UNINITIALIZED_AUTOS = YES_AGGRESSIVE;
				GCC_WARN_UNUSED_FUNCTION = YES;
				GCC_WARN_UNUSED_VARIABLE = YES;
				IPHONEOS_DEPLOYMENT_TARGET = 15.0;
				MTL_ENABLE_DEBUG_INFO = INCLUDE_SOURCE;
				MTL_FAST_MATH = YES;
				ONLY_ACTIVE_ARCH = YES;
				SDKROOT = iphoneos;
				SWIFT_ACTIVE_COMPILATION_CONDITIONS = DEBUG;
				SWIFT_OPTIMIZATION_LEVEL = "-Onone";
			};
			name = Debug;
		};
		5C17D44F2710C1ED00035051 /* Release */ = {
			isa = XCBuildConfiguration;
			buildSettings = {
				ALWAYS_SEARCH_USER_PATHS = NO;
				CLANG_ANALYZER_NONNULL = YES;
				CLANG_ANALYZER_NUMBER_OBJECT_CONVERSION = YES_AGGRESSIVE;
				CLANG_CXX_LANGUAGE_STANDARD = "gnu++17";
				CLANG_CXX_LIBRARY = "libc++";
				CLANG_ENABLE_MODULES = YES;
				CLANG_ENABLE_OBJC_ARC = YES;
				CLANG_ENABLE_OBJC_WEAK = YES;
				CLANG_WARN_BLOCK_CAPTURE_AUTORELEASING = YES;
				CLANG_WARN_BOOL_CONVERSION = YES;
				CLANG_WARN_COMMA = YES;
				CLANG_WARN_CONSTANT_CONVERSION = YES;
				CLANG_WARN_DEPRECATED_OBJC_IMPLEMENTATIONS = YES;
				CLANG_WARN_DIRECT_OBJC_ISA_USAGE = YES_ERROR;
				CLANG_WARN_DOCUMENTATION_COMMENTS = YES;
				CLANG_WARN_EMPTY_BODY = YES;
				CLANG_WARN_ENUM_CONVERSION = YES;
				CLANG_WARN_INFINITE_RECURSION = YES;
				CLANG_WARN_INT_CONVERSION = YES;
				CLANG_WARN_NON_LITERAL_NULL_CONVERSION = YES;
				CLANG_WARN_OBJC_IMPLICIT_RETAIN_SELF = YES;
				CLANG_WARN_OBJC_LITERAL_CONVERSION = YES;
				CLANG_WARN_OBJC_ROOT_CLASS = YES_ERROR;
				CLANG_WARN_QUOTED_INCLUDE_IN_FRAMEWORK_HEADER = YES;
				CLANG_WARN_RANGE_LOOP_ANALYSIS = YES;
				CLANG_WARN_STRICT_PROTOTYPES = YES;
				CLANG_WARN_SUSPICIOUS_MOVE = YES;
				CLANG_WARN_UNGUARDED_AVAILABILITY = YES_AGGRESSIVE;
				CLANG_WARN_UNREACHABLE_CODE = YES;
				CLANG_WARN__DUPLICATE_METHOD_MATCH = YES;
				COPY_PHASE_STRIP = NO;
				DEBUG_INFORMATION_FORMAT = "dwarf-with-dsym";
				ENABLE_NS_ASSERTIONS = NO;
				ENABLE_STRICT_OBJC_MSGSEND = YES;
				GCC_C_LANGUAGE_STANDARD = gnu11;
				GCC_NO_COMMON_BLOCKS = YES;
				GCC_WARN_64_TO_32_BIT_CONVERSION = YES;
				GCC_WARN_ABOUT_RETURN_TYPE = YES_ERROR;
				GCC_WARN_UNDECLARED_SELECTOR = YES;
				GCC_WARN_UNINITIALIZED_AUTOS = YES_AGGRESSIVE;
				GCC_WARN_UNUSED_FUNCTION = YES;
				GCC_WARN_UNUSED_VARIABLE = YES;
				IPHONEOS_DEPLOYMENT_TARGET = 15.0;
				MTL_ENABLE_DEBUG_INFO = NO;
				MTL_FAST_MATH = YES;
				SDKROOT = iphoneos;
				SWIFT_COMPILATION_MODE = wholemodule;
				SWIFT_OPTIMIZATION_LEVEL = "-O";
				VALIDATE_PRODUCT = YES;
			};
			name = Release;
		};
		5C17D4512710C1ED00035051 /* Debug */ = {
			isa = XCBuildConfiguration;
			baseConfigurationReference = 400934C2E0015CD5453B8976 /* Pods-Big Brain Team.debug.xcconfig */;
			buildSettings = {
				ASSETCATALOG_COMPILER_APPICON_NAME = AppIcon;
				ASSETCATALOG_COMPILER_GLOBAL_ACCENT_COLOR_NAME = AccentColor;
				CODE_SIGN_STYLE = Automatic;
				CURRENT_PROJECT_VERSION = 1;
				GENERATE_INFOPLIST_FILE = YES;
				INFOPLIST_FILE = "Big Brain Team/Info.plist";
				INFOPLIST_KEY_UIApplicationSupportsIndirectInputEvents = YES;
				INFOPLIST_KEY_UILaunchStoryboardName = LaunchScreen;
				INFOPLIST_KEY_UISupportedInterfaceOrientations_iPad = "UIInterfaceOrientationPortrait UIInterfaceOrientationPortraitUpsideDown UIInterfaceOrientationLandscapeLeft UIInterfaceOrientationLandscapeRight";
				INFOPLIST_KEY_UISupportedInterfaceOrientations_iPhone = "UIInterfaceOrientationPortrait UIInterfaceOrientationLandscapeLeft UIInterfaceOrientationLandscapeRight";
				IPHONEOS_DEPLOYMENT_TARGET = 13.0;
				LD_RUNPATH_SEARCH_PATHS = (
					"$(inherited)",
					"@executable_path/Frameworks",
				);
				MARKETING_VERSION = 1.0;
				PRODUCT_BUNDLE_IDENTIFIER = "Big-Brain.Big-Brain-Team";
				PRODUCT_NAME = "$(TARGET_NAME)";
				SWIFT_EMIT_LOC_STRINGS = YES;
				SWIFT_VERSION = 5.0;
				TARGETED_DEVICE_FAMILY = "1,2";
			};
			name = Debug;
		};
		5C17D4522710C1ED00035051 /* Release */ = {
			isa = XCBuildConfiguration;
			baseConfigurationReference = CCA8DDE2DCA35E4B031D7B7D /* Pods-Big Brain Team.release.xcconfig */;
			buildSettings = {
				ASSETCATALOG_COMPILER_APPICON_NAME = AppIcon;
				ASSETCATALOG_COMPILER_GLOBAL_ACCENT_COLOR_NAME = AccentColor;
				CODE_SIGN_STYLE = Automatic;
				CURRENT_PROJECT_VERSION = 1;
				GENERATE_INFOPLIST_FILE = YES;
				INFOPLIST_FILE = "Big Brain Team/Info.plist";
				INFOPLIST_KEY_UIApplicationSupportsIndirectInputEvents = YES;
				INFOPLIST_KEY_UILaunchStoryboardName = LaunchScreen;
				INFOPLIST_KEY_UISupportedInterfaceOrientations_iPad = "UIInterfaceOrientationPortrait UIInterfaceOrientationPortraitUpsideDown UIInterfaceOrientationLandscapeLeft UIInterfaceOrientationLandscapeRight";
				INFOPLIST_KEY_UISupportedInterfaceOrientations_iPhone = "UIInterfaceOrientationPortrait UIInterfaceOrientationLandscapeLeft UIInterfaceOrientationLandscapeRight";
				IPHONEOS_DEPLOYMENT_TARGET = 13.0;
				LD_RUNPATH_SEARCH_PATHS = (
					"$(inherited)",
					"@executable_path/Frameworks",
				);
				MARKETING_VERSION = 1.0;
				PRODUCT_BUNDLE_IDENTIFIER = "Big-Brain.Big-Brain-Team";
				PRODUCT_NAME = "$(TARGET_NAME)";
				SWIFT_EMIT_LOC_STRINGS = YES;
				SWIFT_VERSION = 5.0;
				TARGETED_DEVICE_FAMILY = "1,2";
			};
			name = Release;
		};
		5C17D4542710C1ED00035051 /* Debug */ = {
			isa = XCBuildConfiguration;
			baseConfigurationReference = 241C19FA578524934C4DBD14 /* Pods-Big Brain TeamTests.debug.xcconfig */;
			buildSettings = {
				ALWAYS_EMBED_SWIFT_STANDARD_LIBRARIES = YES;
				BUNDLE_LOADER = "$(TEST_HOST)";
				CODE_SIGN_STYLE = Automatic;
				CURRENT_PROJECT_VERSION = 1;
				GENERATE_INFOPLIST_FILE = YES;
				IPHONEOS_DEPLOYMENT_TARGET = 15.0;
				LD_RUNPATH_SEARCH_PATHS = (
					"$(inherited)",
					"@executable_path/Frameworks",
					"@loader_path/Frameworks",
				);
				MARKETING_VERSION = 1.0;
				PRODUCT_BUNDLE_IDENTIFIER = "Big-Brain.Big-Brain-TeamTests";
				PRODUCT_NAME = "$(TARGET_NAME)";
				SWIFT_EMIT_LOC_STRINGS = NO;
				SWIFT_VERSION = 5.0;
				TARGETED_DEVICE_FAMILY = "1,2";
				TEST_HOST = "$(BUILT_PRODUCTS_DIR)/Big Brain Team.app/Big Brain Team";
			};
			name = Debug;
		};
		5C17D4552710C1ED00035051 /* Release */ = {
			isa = XCBuildConfiguration;
			baseConfigurationReference = 729C1D47FF5E573ED32194F4 /* Pods-Big Brain TeamTests.release.xcconfig */;
			buildSettings = {
				ALWAYS_EMBED_SWIFT_STANDARD_LIBRARIES = YES;
				BUNDLE_LOADER = "$(TEST_HOST)";
				CODE_SIGN_STYLE = Automatic;
				CURRENT_PROJECT_VERSION = 1;
				GENERATE_INFOPLIST_FILE = YES;
				IPHONEOS_DEPLOYMENT_TARGET = 15.0;
				LD_RUNPATH_SEARCH_PATHS = (
					"$(inherited)",
					"@executable_path/Frameworks",
					"@loader_path/Frameworks",
				);
				MARKETING_VERSION = 1.0;
				PRODUCT_BUNDLE_IDENTIFIER = "Big-Brain.Big-Brain-TeamTests";
				PRODUCT_NAME = "$(TARGET_NAME)";
				SWIFT_EMIT_LOC_STRINGS = NO;
				SWIFT_VERSION = 5.0;
				TARGETED_DEVICE_FAMILY = "1,2";
				TEST_HOST = "$(BUILT_PRODUCTS_DIR)/Big Brain Team.app/Big Brain Team";
			};
			name = Release;
		};
		5C17D4572710C1ED00035051 /* Debug */ = {
			isa = XCBuildConfiguration;
			baseConfigurationReference = 8584DFD87CFC476852291C7D /* Pods-Big Brain Team-Big Brain TeamUITests.debug.xcconfig */;
			buildSettings = {
				ALWAYS_EMBED_SWIFT_STANDARD_LIBRARIES = YES;
				CODE_SIGN_STYLE = Automatic;
				CURRENT_PROJECT_VERSION = 1;
				GENERATE_INFOPLIST_FILE = YES;
				LD_RUNPATH_SEARCH_PATHS = (
					"$(inherited)",
					"@executable_path/Frameworks",
					"@loader_path/Frameworks",
				);
				MARKETING_VERSION = 1.0;
				PRODUCT_BUNDLE_IDENTIFIER = "Big-Brain.Big-Brain-TeamUITests";
				PRODUCT_NAME = "$(TARGET_NAME)";
				SWIFT_EMIT_LOC_STRINGS = NO;
				SWIFT_VERSION = 5.0;
				TARGETED_DEVICE_FAMILY = "1,2";
				TEST_TARGET_NAME = "Big Brain Team";
			};
			name = Debug;
		};
		5C17D4582710C1ED00035051 /* Release */ = {
			isa = XCBuildConfiguration;
			baseConfigurationReference = 6BE36B521A6348CD8D966B6E /* Pods-Big Brain Team-Big Brain TeamUITests.release.xcconfig */;
			buildSettings = {
				ALWAYS_EMBED_SWIFT_STANDARD_LIBRARIES = YES;
				CODE_SIGN_STYLE = Automatic;
				CURRENT_PROJECT_VERSION = 1;
				GENERATE_INFOPLIST_FILE = YES;
				LD_RUNPATH_SEARCH_PATHS = (
					"$(inherited)",
					"@executable_path/Frameworks",
					"@loader_path/Frameworks",
				);
				MARKETING_VERSION = 1.0;
				PRODUCT_BUNDLE_IDENTIFIER = "Big-Brain.Big-Brain-TeamUITests";
				PRODUCT_NAME = "$(TARGET_NAME)";
				SWIFT_EMIT_LOC_STRINGS = NO;
				SWIFT_VERSION = 5.0;
				TARGETED_DEVICE_FAMILY = "1,2";
				TEST_TARGET_NAME = "Big Brain Team";
			};
			name = Release;
		};
/* End XCBuildConfiguration section */

/* Begin XCConfigurationList section */
		5C17D4212710C1E200035051 /* Build configuration list for PBXProject "Big Brain Team" */ = {
			isa = XCConfigurationList;
			buildConfigurations = (
				5C17D44E2710C1ED00035051 /* Debug */,
				5C17D44F2710C1ED00035051 /* Release */,
			);
			defaultConfigurationIsVisible = 0;
			defaultConfigurationName = Release;
		};
		5C17D4502710C1ED00035051 /* Build configuration list for PBXNativeTarget "Big Brain Team" */ = {
			isa = XCConfigurationList;
			buildConfigurations = (
				5C17D4512710C1ED00035051 /* Debug */,
				5C17D4522710C1ED00035051 /* Release */,
			);
			defaultConfigurationIsVisible = 0;
			defaultConfigurationName = Release;
		};
		5C17D4532710C1ED00035051 /* Build configuration list for PBXNativeTarget "Big Brain TeamTests" */ = {
			isa = XCConfigurationList;
			buildConfigurations = (
				5C17D4542710C1ED00035051 /* Debug */,
				5C17D4552710C1ED00035051 /* Release */,
			);
			defaultConfigurationIsVisible = 0;
			defaultConfigurationName = Release;
		};
		5C17D4562710C1ED00035051 /* Build configuration list for PBXNativeTarget "Big Brain TeamUITests" */ = {
			isa = XCConfigurationList;
			buildConfigurations = (
				5C17D4572710C1ED00035051 /* Debug */,
				5C17D4582710C1ED00035051 /* Release */,
			);
			defaultConfigurationIsVisible = 0;
			defaultConfigurationName = Release;
		};
/* End XCConfigurationList section */
	};
	rootObject = 5C17D41E2710C1E200035051 /* Project object */;
}
